// !$*UTF8*$!
{
	archiveVersion = 1;
	classes = {
	};
	objectVersion = 50;
	objects = {

/* Begin PBXBuildFile section */
		E6E11C012370A5B500218E99 /* AppDelegate.swift in Sources */ = {isa = PBXBuildFile; fileRef = E6E11C002370A5B500218E99 /* AppDelegate.swift */; };
		E6E11C032370A5B500218E99 /* SceneDelegate.swift in Sources */ = {isa = PBXBuildFile; fileRef = E6E11C022370A5B500218E99 /* SceneDelegate.swift */; };
		E6E11C082370A5B500218E99 /* Main.storyboard in Resources */ = {isa = PBXBuildFile; fileRef = E6E11C062370A5B500218E99 /* Main.storyboard */; };
		E6E11C0B2370A5B500218E99 /* codableJSON.xcdatamodeld in Sources */ = {isa = PBXBuildFile; fileRef = E6E11C092370A5B500218E99 /* codableJSON.xcdatamodeld */; };
		E6E11C0D2370A5B800218E99 /* Assets.xcassets in Resources */ = {isa = PBXBuildFile; fileRef = E6E11C0C2370A5B800218E99 /* Assets.xcassets */; };
		E6E11C102370A5B800218E99 /* LaunchScreen.storyboard in Resources */ = {isa = PBXBuildFile; fileRef = E6E11C0E2370A5B800218E99 /* LaunchScreen.storyboard */; };
		E6E11C182370A67C00218E99 /* inventory.json in Resources */ = {isa = PBXBuildFile; fileRef = E6E11C172370A67B00218E99 /* inventory.json */; };
		E6E11C1A2370A6C800218E99 /* JSOnParseDataViewController.swift in Sources */ = {isa = PBXBuildFile; fileRef = E6E11C192370A6C800218E99 /* JSOnParseDataViewController.swift */; };
		E6E11C272374AE9E00218E99 /* InventoryItem.swift in Sources */ = {isa = PBXBuildFile; fileRef = E6E11C262374AE9E00218E99 /* InventoryItem.swift */; };
		E6E11C292374AF6100218E99 /* InventoryItems.swift in Sources */ = {isa = PBXBuildFile; fileRef = E6E11C282374AF6100218E99 /* InventoryItems.swift */; };
/* End PBXBuildFile section */

/* Begin PBXFileReference section */
		E6E11BFD2370A5B500218E99 /* codableJSON.app */ = {isa = PBXFileReference; explicitFileType = wrapper.application; includeInIndex = 0; path = codableJSON.app; sourceTree = BUILT_PRODUCTS_DIR; };
		E6E11C002370A5B500218E99 /* AppDelegate.swift */ = {isa = PBXFileReference; lastKnownFileType = sourcecode.swift; path = AppDelegate.swift; sourceTree = "<group>"; };
		E6E11C022370A5B500218E99 /* SceneDelegate.swift */ = {isa = PBXFileReference; lastKnownFileType = sourcecode.swift; path = SceneDelegate.swift; sourceTree = "<group>"; };
		E6E11C072370A5B500218E99 /* Base */ = {isa = PBXFileReference; lastKnownFileType = file.storyboard; name = Base; path = Base.lproj/Main.storyboard; sourceTree = "<group>"; };
		E6E11C0A2370A5B500218E99 /* codableJSON.xcdatamodel */ = {isa = PBXFileReference; lastKnownFileType = wrapper.xcdatamodel; path = codableJSON.xcdatamodel; sourceTree = "<group>"; };
		E6E11C0C2370A5B800218E99 /* Assets.xcassets */ = {isa = PBXFileReference; lastKnownFileType = folder.assetcatalog; path = Assets.xcassets; sourceTree = "<group>"; };
		E6E11C0F2370A5B800218E99 /* Base */ = {isa = PBXFileReference; lastKnownFileType = file.storyboard; name = Base; path = Base.lproj/LaunchScreen.storyboard; sourceTree = "<group>"; };
		E6E11C112370A5B800218E99 /* Info.plist */ = {isa = PBXFileReference; lastKnownFileType = text.plist.xml; path = Info.plist; sourceTree = "<group>"; };
		E6E11C172370A67B00218E99 /* inventory.json */ = {isa = PBXFileReference; fileEncoding = 4; lastKnownFileType = text.json; path = inventory.json; sourceTree = "<group>"; };
		E6E11C192370A6C800218E99 /* JSOnParseDataViewController.swift */ = {isa = PBXFileReference; lastKnownFileType = sourcecode.swift; path = JSOnParseDataViewController.swift; sourceTree = "<group>"; };
		E6E11C262374AE9E00218E99 /* InventoryItem.swift */ = {isa = PBXFileReference; lastKnownFileType = sourcecode.swift; path = InventoryItem.swift; sourceTree = "<group>"; };
		E6E11C282374AF6100218E99 /* InventoryItems.swift */ = {isa = PBXFileReference; lastKnownFileType = sourcecode.swift; path = InventoryItems.swift; sourceTree = "<group>"; };
/* End PBXFileReference section */

/* Begin PBXFrameworksBuildPhase section */
		E6E11BFA2370A5B500218E99 /* Frameworks */ = {
			isa = PBXFrameworksBuildPhase;
			buildActionMask = 2147483647;
			files = (
			);
			runOnlyForDeploymentPostprocessing = 0;
		};
/* End PBXFrameworksBuildPhase section */

/* Begin PBXGroup section */
		E6E11BF42370A5B500218E99 = {
			isa = PBXGroup;
			children = (
				E6E11BFF2370A5B500218E99 /* codableJSON */,
				E6E11BFE2370A5B500218E99 /* Products */,
			);
			sourceTree = "<group>";
		};
		E6E11BFE2370A5B500218E99 /* Products */ = {
			isa = PBXGroup;
			children = (
				E6E11BFD2370A5B500218E99 /* codableJSON.app */,
			);
			name = Products;
			sourceTree = "<group>";
		};
		E6E11BFF2370A5B500218E99 /* codableJSON */ = {
			isa = PBXGroup;
			children = (
				E6E11C1D2370A93800218E99 /* Model */,
				E6E11C002370A5B500218E99 /* AppDelegate.swift */,
				E6E11C022370A5B500218E99 /* SceneDelegate.swift */,
				E6E11C062370A5B500218E99 /* Main.storyboard */,
				E6E11C0C2370A5B800218E99 /* Assets.xcassets */,
				E6E11C0E2370A5B800218E99 /* LaunchScreen.storyboard */,
				E6E11C112370A5B800218E99 /* Info.plist */,
				E6E11C092370A5B500218E99 /* codableJSON.xcdatamodeld */,
				E6E11C192370A6C800218E99 /* JSOnParseDataViewController.swift */,
			);
			path = codableJSON;
			sourceTree = "<group>";
		};
		E6E11C1D2370A93800218E99 /* Model */ = {
			isa = PBXGroup;
			children = (
				E6E11C172370A67B00218E99 /* inventory.json */,
				E6E11C262374AE9E00218E99 /* InventoryItem.swift */,
				E6E11C282374AF6100218E99 /* InventoryItems.swift */,
			);
			path = Model;
			sourceTree = "<group>";
		};
/* End PBXGroup section */

/* Begin PBXNativeTarget section */
		E6E11BFC2370A5B500218E99 /* codableJSON */ = {
			isa = PBXNativeTarget;
			buildConfigurationList = E6E11C142370A5B800218E99 /* Build configuration list for PBXNativeTarget "codableJSON" */;
			buildPhases = (
				E6E11BF92370A5B500218E99 /* Sources */,
				E6E11BFA2370A5B500218E99 /* Frameworks */,
				E6E11BFB2370A5B500218E99 /* Resources */,
			);
			buildRules = (
			);
			dependencies = (
			);
			name = codableJSON;
			productName = codableJSON;
			productReference = E6E11BFD2370A5B500218E99 /* codableJSON.app */;
			productType = "com.apple.product-type.application";
		};
/* End PBXNativeTarget section */

/* Begin PBXProject section */
		E6E11BF52370A5B500218E99 /* Project object */ = {
			isa = PBXProject;
			attributes = {
				LastSwiftUpdateCheck = 1100;
				LastUpgradeCheck = 1100;
				ORGANIZATIONNAME = "Aaron Henry";
				TargetAttributes = {
					E6E11BFC2370A5B500218E99 = {
						CreatedOnToolsVersion = 11.0;
					};
				};
			};
			buildConfigurationList = E6E11BF82370A5B500218E99 /* Build configuration list for PBXProject "codableJSON" */;
			compatibilityVersion = "Xcode 9.3";
			developmentRegion = en;
			hasScannedForEncodings = 0;
			knownRegions = (
				en,
				Base,
			);
			mainGroup = E6E11BF42370A5B500218E99;
			productRefGroup = E6E11BFE2370A5B500218E99 /* Products */;
			projectDirPath = "";
			projectRoot = "";
			targets = (
				E6E11BFC2370A5B500218E99 /* codableJSON */,
			);
		};
/* End PBXProject section */

/* Begin PBXResourcesBuildPhase section */
		E6E11BFB2370A5B500218E99 /* Resources */ = {
			isa = PBXResourcesBuildPhase;
			buildActionMask = 2147483647;
			files = (
				E6E11C182370A67C00218E99 /* inventory.json in Resources */,
				E6E11C102370A5B800218E99 /* LaunchScreen.storyboard in Resources */,
				E6E11C0D2370A5B800218E99 /* Assets.xcassets in Resources */,
				E6E11C082370A5B500218E99 /* Main.storyboard in Resources */,
			);
			runOnlyForDeploymentPostprocessing = 0;
		};
/* End PBXResourcesBuildPhase section */

/* Begin PBXSourcesBuildPhase section */
		E6E11BF92370A5B500218E99 /* Sources */ = {
			isa = PBXSourcesBuildPhase;
			buildActionMask = 2147483647;
			files = (
				E6E11C0B2370A5B500218E99 /* codableJSON.xcdatamodeld in Sources */,
				E6E11C012370A5B500218E99 /* AppDelegate.swift in Sources */,
				E6E11C1A2370A6C800218E99 /* JSOnParseDataViewController.swift in Sources */,
				E6E11C272374AE9E00218E99 /* InventoryItem.swift in Sources */,
				E6E11C032370A5B500218E99 /* SceneDelegate.swift in Sources */,
				E6E11C292374AF6100218E99 /* InventoryItems.swift in Sources */,
			);
			runOnlyForDeploymentPostprocessing = 0;
		};
/* End PBXSourcesBuildPhase section */

/* Begin PBXVariantGroup section */
		E6E11C062370A5B500218E99 /* Main.storyboard */ = {
			isa = PBXVariantGroup;
			children = (
				E6E11C072370A5B500218E99 /* Base */,
			);
			name = Main.storyboard;
			sourceTree = "<group>";
		};
		E6E11C0E2370A5B800218E99 /* LaunchScreen.storyboard */ = {
			isa = PBXVariantGroup;
			children = (
				E6E11C0F2370A5B800218E99 /* Base */,
			);
			name = LaunchScreen.storyboard;
			sourceTree = "<group>";
		};
/* End PBXVariantGroup section */

/* Begin XCBuildConfiguration section */
		E6E11C122370A5B800218E99 /* Debug */ = {
			isa = XCBuildConfiguration;
			buildSettings = {
				ALWAYS_SEARCH_USER_PATHS = NO;
				CLANG_ANALYZER_NONNULL = YES;
				CLANG_ANALYZER_NUMBER_OBJECT_CONVERSION = YES_AGGRESSIVE;
				CLANG_CXX_LANGUAGE_STANDARD = "gnu++14";
				CLANG_CXX_LIBRARY = "libc++";
				CLANG_ENABLE_MODULES = YES;
				CLANG_ENABLE_OBJC_ARC = YES;
				CLANG_ENABLE_OBJC_WEAK = YES;
				CLANG_WARN_BLOCK_CAPTURE_AUTORELEASING = YES;
				CLANG_WARN_BOOL_CONVERSION = YES;
				CLANG_WARN_COMMA = YES;
				CLANG_WARN_CONSTANT_CONVERSION = YES;
				CLANG_WARN_DEPRECATED_OBJC_IMPLEMENTATIONS = YES;
				CLANG_WARN_DIRECT_OBJC_ISA_USAGE = YES_ERROR;
				CLANG_WARN_DOCUMENTATION_COMMENTS = YES;
				CLANG_WARN_EMPTY_BODY = YES;
				CLANG_WARN_ENUM_CONVERSION = YES;
				CLANG_WARN_INFINITE_RECURSION = YES;
				CLANG_WARN_INT_CONVERSION = YES;
				CLANG_WARN_NON_LITERAL_NULL_CONVERSION = YES;
				CLANG_WARN_OBJC_IMPLICIT_RETAIN_SELF = YES;
				CLANG_WARN_OBJC_LITERAL_CONVERSION = YES;
				CLANG_WARN_OBJC_ROOT_CLASS = YES_ERROR;
				CLANG_WARN_RANGE_LOOP_ANALYSIS = YES;
				CLANG_WARN_STRICT_PROTOTYPES = YES;
				CLANG_WARN_SUSPICIOUS_MOVE = YES;
				CLANG_WARN_UNGUARDED_AVAILABILITY = YES_AGGRESSIVE;
				CLANG_WARN_UNREACHABLE_CODE = YES;
				CLANG_WARN__DUPLICATE_METHOD_MATCH = YES;
				COPY_PHASE_STRIP = NO;
				DEBUG_INFORMATION_FORMAT = dwarf;
				ENABLE_STRICT_OBJC_MSGSEND = YES;
				ENABLE_TESTABILITY = YES;
				GCC_C_LANGUAGE_STANDARD = gnu11;
				GCC_DYNAMIC_NO_PIC = NO;
				GCC_NO_COMMON_BLOCKS = YES;
				GCC_OPTIMIZATION_LEVEL = 0;
				GCC_PREPROCESSOR_DEFINITIONS = (
					"DEBUG=1",
					"$(inherited)",
				);
				GCC_WARN_64_TO_32_BIT_CONVERSION = YES;
				GCC_WARN_ABOUT_RETURN_TYPE = YES_ERROR;
				GCC_WARN_UNDECLARED_SELECTOR = YES;
				GCC_WARN_UNINITIALIZED_AUTOS = YES_AGGRESSIVE;
				GCC_WARN_UNUSED_FUNCTION = YES;
				GCC_WARN_UNUSED_VARIABLE = YES;
				IPHONEOS_DEPLOYMENT_TARGET = 13.0;
				MTL_ENABLE_DEBUG_INFO = INCLUDE_SOURCE;
				MTL_FAST_MATH = YES;
				ONLY_ACTIVE_ARCH = YES;
				SDKROOT = iphoneos;
				SWIFT_ACTIVE_COMPILATION_CONDITIONS = DEBUG;
				SWIFT_OPTIMIZATION_LEVEL = "-Onone";
			};
			name = Debug;
		};
		E6E11C132370A5B800218E99 /* Release */ = {
			isa = XCBuildConfiguration;
			buildSettings = {
				ALWAYS_SEARCH_USER_PATHS = NO;
				CLANG_ANALYZER_NONNULL = YES;
				CLANG_ANALYZER_NUMBER_OBJECT_CONVERSION = YES_AGGRESSIVE;
				CLANG_CXX_LANGUAGE_STANDARD = "gnu++14";
				CLANG_CXX_LIBRARY = "libc++";
				CLANG_ENABLE_MODULES = YES;
				CLANG_ENABLE_OBJC_ARC = YES;
				CLANG_ENABLE_OBJC_WEAK = YES;
				CLANG_WARN_BLOCK_CAPTURE_AUTORELEASING = YES;
				CLANG_WARN_BOOL_CONVERSION = YES;
				CLANG_WARN_COMMA = YES;
				CLANG_WARN_CONSTANT_CONVERSION = YES;
				CLANG_WARN_DEPRECATED_OBJC_IMPLEMENTATIONS = YES;
				CLANG_WARN_DIRECT_OBJC_ISA_USAGE = YES_ERROR;
				CLANG_WARN_DOCUMENTATION_COMMENTS = YES;
				CLANG_WARN_EMPTY_BODY = YES;
				CLANG_WARN_ENUM_CONVERSION = YES;
				CLANG_WARN_INFINITE_RECURSION = YES;
				CLANG_WARN_INT_CONVERSION = YES;
				CLANG_WARN_NON_LITERAL_NULL_CONVERSION = YES;
				CLANG_WARN_OBJC_IMPLICIT_RETAIN_SELF = YES;
				CLANG_WARN_OBJC_LITERAL_CONVERSION = YES;
				CLANG_WARN_OBJC_ROOT_CLASS = YES_ERROR;
				CLANG_WARN_RANGE_LOOP_ANALYSIS = YES;
				CLANG_WARN_STRICT_PROTOTYPES = YES;
				CLANG_WARN_SUSPICIOUS_MOVE = YES;
				CLANG_WARN_UNGUARDED_AVAILABILITY = YES_AGGRESSIVE;
				CLANG_WARN_UNREACHABLE_CODE = YES;
				CLANG_WARN__DUPLICATE_METHOD_MATCH = YES;
				COPY_PHASE_STRIP = NO;
				DEBUG_INFORMATION_FORMAT = "dwarf-with-dsym";
				ENABLE_NS_ASSERTIONS = NO;
				ENABLE_STRICT_OBJC_MSGSEND = YES;
				GCC_C_LANGUAGE_STANDARD = gnu11;
				GCC_NO_COMMON_BLOCKS = YES;
				GCC_WARN_64_TO_32_BIT_CONVERSION = YES;
				GCC_WARN_ABOUT_RETURN_TYPE = YES_ERROR;
				GCC_WARN_UNDECLARED_SELECTOR = YES;
				GCC_WARN_UNINITIALIZED_AUTOS = YES_AGGRESSIVE;
				GCC_WARN_UNUSED_FUNCTION = YES;
				GCC_WARN_UNUSED_VARIABLE = YES;
				IPHONEOS_DEPLOYMENT_TARGET = 13.0;
				MTL_ENABLE_DEBUG_INFO = NO;
				MTL_FAST_MATH = YES;
				SDKROOT = iphoneos;
				SWIFT_COMPILATION_MODE = wholemodule;
				SWIFT_OPTIMIZATION_LEVEL = "-O";
				VALIDATE_PRODUCT = YES;
			};
			name = Release;
		};
		E6E11C152370A5B800218E99 /* Debug */ = {
			isa = XCBuildConfiguration;
			buildSettings = {
				ASSETCATALOG_COMPILER_APPICON_NAME = AppIcon;
				CODE_SIGN_STYLE = Automatic;
				DEVELOPMENT_TEAM = SVY85ULPA9;
				INFOPLIST_FILE = codableJSON/Info.plist;
				LD_RUNPATH_SEARCH_PATHS = (
					"$(inherited)",
					"@executable_path/Frameworks",
				);
				PRODUCT_BUNDLE_IDENTIFIER = edu.missouri.codableJSON;
				PRODUCT_NAME = "$(TARGET_NAME)";
				SWIFT_VERSION = 5.0;
				TARGETED_DEVICE_FAMILY = "1,2";
			};
			name = Debug;
		};
		E6E11C162370A5B800218E99 /* Release */ = {
			isa = XCBuildConfiguration;
			buildSettings = {
				ASSETCATALOG_COMPILER_APPICON_NAME = AppIcon;
				CODE_SIGN_STYLE = Automatic;
				DEVELOPMENT_TEAM = SVY85ULPA9;
				INFOPLIST_FILE = codableJSON/Info.plist;
				LD_RUNPATH_SEARCH_PATHS = (
					"$(inherited)",
					"@executable_path/Frameworks",
				);
				PRODUCT_BUNDLE_IDENTIFIER = edu.missouri.codableJSON;
				PRODUCT_NAME = "$(TARGET_NAME)";
				SWIFT_VERSION = 5.0;
				TARGETED_DEVICE_FAMILY = "1,2";
			};
			name = Release;
		};
/* End XCBuildConfiguration section */

/* Begin XCConfigurationList section */
		E6E11BF82370A5B500218E99 /* Build configuration list for PBXProject "codableJSON" */ = {
			isa = XCConfigurationList;
			buildConfigurations = (
				E6E11C122370A5B800218E99 /* Debug */,
				E6E11C132370A5B800218E99 /* Release */,
			);
			defaultConfigurationIsVisible = 0;
			defaultConfigurationName = Release;
		};
		E6E11C142370A5B800218E99 /* Build configuration list for PBXNativeTarget "codableJSON" */ = {
			isa = XCConfigurationList;
			buildConfigurations = (
				E6E11C152370A5B800218E99 /* Debug */,
				E6E11C162370A5B800218E99 /* Release */,
			);
			defaultConfigurationIsVisible = 0;
			defaultConfigurationName = Release;
		};
/* End XCConfigurationList section */

/* Begin XCVersionGroup section */
		E6E11C092370A5B500218E99 /* codableJSON.xcdatamodeld */ = {
			isa = XCVersionGroup;
			children = (
				E6E11C0A2370A5B500218E99 /* codableJSON.xcdatamodel */,
			);
			currentVersion = E6E11C0A2370A5B500218E99 /* codableJSON.xcdatamodel */;
			path = codableJSON.xcdatamodeld;
			sourceTree = "<group>";
			versionGroupType = wrapper.xcdatamodel;
		};
/* End XCVersionGroup section */
	};
	rootObject = E6E11BF52370A5B500218E99 /* Project object */;
}
